
Microsoft Visual Studio Solution File, Format Version 12.00
# Visual Studio Version 17
VisualStudioVersion = 17.8.34330.188
MinimumVisualStudioVersion = 10.0.40219.1
Project("{FAE04EC0-301F-11D3-BF4B-00C04F79EFBC}") = "NetBootcampProject", "NetBootcampProject\NetBootcampProject.csproj", "{D2947D5E-C2B1-405A-B4DD-F17216B699DA}"
EndProject
Global
	GlobalSection(SolutionConfigurationPlatforms) = preSolution
		Debug|Any CPU = Debug|Any CPU
		Release|Any CPU = Release|Any CPU
	EndGlobalSection
	GlobalSection(ProjectConfigurationPlatforms) = postSolution
		{D2947D5E-C2B1-405A-B4DD-F17216B699DA}.Debug|Any CPU.ActiveCfg = Debug|Any CPU
		{D2947D5E-C2B1-405A-B4DD-F17216B699DA}.Debug|Any CPU.Build.0 = Debug|Any CPU
		{D2947D5E-C2B1-405A-B4DD-F17216B699DA}.Release|Any CPU.ActiveCfg = Release|Any CPU
		{D2947D5E-C2B1-405A-B4DD-F17216B699DA}.Release|Any CPU.Build.0 = Release|Any CPU
	EndGlobalSection
	GlobalSection(SolutionProperties) = preSolution
		HideSolutionNode = FALSE
	EndGlobalSection
	GlobalSection(ExtensibilityGlobals) = postSolution
		SolutionGuid = {EE81E860-E541-4410-975D-55472D5EEB6F}
	EndGlobalSection
EndGlobal
